
Microsoft Visual Studio Solution File, Format Version 12.00
# Visual Studio 14
VisualStudioVersion = 14.0.25420.1
MinimumVisualStudioVersion = 10.0.40219.1
Project("{FAE04EC0-301F-11D3-BF4B-00C04F79EFBC}") = "GRLLReportApp.Android", "GRLLReportApp\GRLLReportApp.Android\GRLLReportApp.Android.csproj", "{DF85EE29-F7C3-4923-A7E5-D2C00AD5CB1E}"
EndProject
Project("{FAE04EC0-301F-11D3-BF4B-00C04F79EFBC}") = "GRLLReportApp", "GRLLReportApp\GRLLReportApp\GRLLReportApp.csproj", "{84B66E5F-DF41-474B-8CF2-AFD3BA15BC33}"
EndProject
Project("{FAE04EC0-301F-11D3-BF4B-00C04F79EFBC}") = "GRLLReportApp.UWP", "GRLLReportApp\GRLLReportApp.UWP\GRLLReportApp.UWP.csproj", "{19BFD1DB-8ECB-4A57-BAAD-D592A194D288}"
EndProject
Project("{FAE04EC0-301F-11D3-BF4B-00C04F79EFBC}") = "GRLLReportApp.iOS", "GRLLReportApp\GRLLReportApp.iOS\GRLLReportApp.iOS.csproj", "{755F2447-0B1B-4866-BD2A-463F169F98DF}"
EndProject
Global
	GlobalSection(SolutionConfigurationPlatforms) = preSolution
		Ad-Hoc|Any CPU = Ad-Hoc|Any CPU
		Ad-Hoc|ARM = Ad-Hoc|ARM
		Ad-Hoc|iPhone = Ad-Hoc|iPhone
		Ad-Hoc|iPhoneSimulator = Ad-Hoc|iPhoneSimulator
		Ad-Hoc|x64 = Ad-Hoc|x64
		Ad-Hoc|x86 = Ad-Hoc|x86
		AppStore|Any CPU = AppStore|Any CPU
		AppStore|ARM = AppStore|ARM
		AppStore|iPhone = AppStore|iPhone
		AppStore|iPhoneSimulator = AppStore|iPhoneSimulator
		AppStore|x64 = AppStore|x64
		AppStore|x86 = AppStore|x86
		Debug|Any CPU = Debug|Any CPU
		Debug|ARM = Debug|ARM
		Debug|iPhone = Debug|iPhone
		Debug|iPhoneSimulator = Debug|iPhoneSimulator
		Debug|x64 = Debug|x64
		Debug|x86 = Debug|x86
		Release|Any CPU = Release|Any CPU
		Release|ARM = Release|ARM
		Release|iPhone = Release|iPhone
		Release|iPhoneSimulator = Release|iPhoneSimulator
		Release|x64 = Release|x64
		Release|x86 = Release|x86
	EndGlobalSection
	GlobalSection(ProjectConfigurationPlatforms) = postSolution
		{DF85EE29-F7C3-4923-A7E5-D2C00AD5CB1E}.Ad-Hoc|Any CPU.ActiveCfg = Release|Any CPU
		{DF85EE29-F7C3-4923-A7E5-D2C00AD5CB1E}.Ad-Hoc|Any CPU.Build.0 = Release|Any CPU
		{DF85EE29-F7C3-4923-A7E5-D2C00AD5CB1E}.Ad-Hoc|Any CPU.Deploy.0 = Release|Any CPU
		{DF85EE29-F7C3-4923-A7E5-D2C00AD5CB1E}.Ad-Hoc|ARM.ActiveCfg = Release|Any CPU
		{DF85EE29-F7C3-4923-A7E5-D2C00AD5CB1E}.Ad-Hoc|ARM.Build.0 = Release|Any CPU
		{DF85EE29-F7C3-4923-A7E5-D2C00AD5CB1E}.Ad-Hoc|ARM.Deploy.0 = Release|Any CPU
		{DF85EE29-F7C3-4923-A7E5-D2C00AD5CB1E}.Ad-Hoc|iPhone.ActiveCfg = Release|Any CPU
		{DF85EE29-F7C3-4923-A7E5-D2C00AD5CB1E}.Ad-Hoc|iPhone.Build.0 = Release|Any CPU
		{DF85EE29-F7C3-4923-A7E5-D2C00AD5CB1E}.Ad-Hoc|iPhone.Deploy.0 = Release|Any CPU
		{DF85EE29-F7C3-4923-A7E5-D2C00AD5CB1E}.Ad-Hoc|iPhoneSimulator.ActiveCfg = Release|Any CPU
		{DF85EE29-F7C3-4923-A7E5-D2C00AD5CB1E}.Ad-Hoc|iPhoneSimulator.Build.0 = Release|Any CPU
		{DF85EE29-F7C3-4923-A7E5-D2C00AD5CB1E}.Ad-Hoc|iPhoneSimulator.Deploy.0 = Release|Any CPU
		{DF85EE29-F7C3-4923-A7E5-D2C00AD5CB1E}.Ad-Hoc|x64.ActiveCfg = Release|Any CPU
		{DF85EE29-F7C3-4923-A7E5-D2C00AD5CB1E}.Ad-Hoc|x64.Build.0 = Release|Any CPU
		{DF85EE29-F7C3-4923-A7E5-D2C00AD5CB1E}.Ad-Hoc|x64.Deploy.0 = Release|Any CPU
		{DF85EE29-F7C3-4923-A7E5-D2C00AD5CB1E}.Ad-Hoc|x86.ActiveCfg = Release|Any CPU
		{DF85EE29-F7C3-4923-A7E5-D2C00AD5CB1E}.Ad-Hoc|x86.Build.0 = Release|Any CPU
		{DF85EE29-F7C3-4923-A7E5-D2C00AD5CB1E}.Ad-Hoc|x86.Deploy.0 = Release|Any CPU
		{DF85EE29-F7C3-4923-A7E5-D2C00AD5CB1E}.AppStore|Any CPU.ActiveCfg = Release|Any CPU
		{DF85EE29-F7C3-4923-A7E5-D2C00AD5CB1E}.AppStore|Any CPU.Build.0 = Release|Any CPU
		{DF85EE29-F7C3-4923-A7E5-D2C00AD5CB1E}.AppStore|Any CPU.Deploy.0 = Release|Any CPU
		{DF85EE29-F7C3-4923-A7E5-D2C00AD5CB1E}.AppStore|ARM.ActiveCfg = Release|Any CPU
		{DF85EE29-F7C3-4923-A7E5-D2C00AD5CB1E}.AppStore|ARM.Build.0 = Release|Any CPU
		{DF85EE29-F7C3-4923-A7E5-D2C00AD5CB1E}.AppStore|ARM.Deploy.0 = Release|Any CPU
		{DF85EE29-F7C3-4923-A7E5-D2C00AD5CB1E}.AppStore|iPhone.ActiveCfg = Release|Any CPU
		{DF85EE29-F7C3-4923-A7E5-D2C00AD5CB1E}.AppStore|iPhone.Build.0 = Release|Any CPU
		{DF85EE29-F7C3-4923-A7E5-D2C00AD5CB1E}.AppStore|iPhone.Deploy.0 = Release|Any CPU
		{DF85EE29-F7C3-4923-A7E5-D2C00AD5CB1E}.AppStore|iPhoneSimulator.ActiveCfg = Release|Any CPU
		{DF85EE29-F7C3-4923-A7E5-D2C00AD5CB1E}.AppStore|iPhoneSimulator.Build.0 = Release|Any CPU
		{DF85EE29-F7C3-4923-A7E5-D2C00AD5CB1E}.AppStore|iPhoneSimulator.Deploy.0 = Release|Any CPU
		{DF85EE29-F7C3-4923-A7E5-D2C00AD5CB1E}.AppStore|x64.ActiveCfg = Release|Any CPU
		{DF85EE29-F7C3-4923-A7E5-D2C00AD5CB1E}.AppStore|x64.Build.0 = Release|Any CPU
		{DF85EE29-F7C3-4923-A7E5-D2C00AD5CB1E}.AppStore|x64.Deploy.0 = Release|Any CPU
		{DF85EE29-F7C3-4923-A7E5-D2C00AD5CB1E}.AppStore|x86.ActiveCfg = Release|Any CPU
		{DF85EE29-F7C3-4923-A7E5-D2C00AD5CB1E}.AppStore|x86.Build.0 = Release|Any CPU
		{DF85EE29-F7C3-4923-A7E5-D2C00AD5CB1E}.AppStore|x86.Deploy.0 = Release|Any CPU
		{DF85EE29-F7C3-4923-A7E5-D2C00AD5CB1E}.Debug|Any CPU.ActiveCfg = Debug|Any CPU
		{DF85EE29-F7C3-4923-A7E5-D2C00AD5CB1E}.Debug|Any CPU.Build.0 = Debug|Any CPU
		{DF85EE29-F7C3-4923-A7E5-D2C00AD5CB1E}.Debug|Any CPU.Deploy.0 = Debug|Any CPU
		{DF85EE29-F7C3-4923-A7E5-D2C00AD5CB1E}.Debug|ARM.ActiveCfg = Debug|Any CPU
		{DF85EE29-F7C3-4923-A7E5-D2C00AD5CB1E}.Debug|ARM.Build.0 = Debug|Any CPU
		{DF85EE29-F7C3-4923-A7E5-D2C00AD5CB1E}.Debug|ARM.Deploy.0 = Debug|Any CPU
		{DF85EE29-F7C3-4923-A7E5-D2C00AD5CB1E}.Debug|iPhone.ActiveCfg = Debug|Any CPU
		{DF85EE29-F7C3-4923-A7E5-D2C00AD5CB1E}.Debug|iPhone.Build.0 = Debug|Any CPU
		{DF85EE29-F7C3-4923-A7E5-D2C00AD5CB1E}.Debug|iPhone.Deploy.0 = Debug|Any CPU
		{DF85EE29-F7C3-4923-A7E5-D2C00AD5CB1E}.Debug|iPhoneSimulator.ActiveCfg = Debug|Any CPU
		{DF85EE29-F7C3-4923-A7E5-D2C00AD5CB1E}.Debug|iPhoneSimulator.Build.0 = Debug|Any CPU
		{DF85EE29-F7C3-4923-A7E5-D2C00AD5CB1E}.Debug|iPhoneSimulator.Deploy.0 = Debug|Any CPU
		{DF85EE29-F7C3-4923-A7E5-D2C00AD5CB1E}.Debug|x64.ActiveCfg = Debug|Any CPU
		{DF85EE29-F7C3-4923-A7E5-D2C00AD5CB1E}.Debug|x64.Build.0 = Debug|Any CPU
		{DF85EE29-F7C3-4923-A7E5-D2C00AD5CB1E}.Debug|x64.Deploy.0 = Debug|Any CPU
		{DF85EE29-F7C3-4923-A7E5-D2C00AD5CB1E}.Debug|x86.ActiveCfg = Debug|Any CPU
		{DF85EE29-F7C3-4923-A7E5-D2C00AD5CB1E}.Debug|x86.Build.0 = Debug|Any CPU
		{DF85EE29-F7C3-4923-A7E5-D2C00AD5CB1E}.Debug|x86.Deploy.0 = Debug|Any CPU
		{DF85EE29-F7C3-4923-A7E5-D2C00AD5CB1E}.Release|Any CPU.ActiveCfg = Release|Any CPU
		{DF85EE29-F7C3-4923-A7E5-D2C00AD5CB1E}.Release|Any CPU.Build.0 = Release|Any CPU
		{DF85EE29-F7C3-4923-A7E5-D2C00AD5CB1E}.Release|Any CPU.Deploy.0 = Release|Any CPU
		{DF85EE29-F7C3-4923-A7E5-D2C00AD5CB1E}.Release|ARM.ActiveCfg = Release|Any CPU
		{DF85EE29-F7C3-4923-A7E5-D2C00AD5CB1E}.Release|ARM.Build.0 = Release|Any CPU
		{DF85EE29-F7C3-4923-A7E5-D2C00AD5CB1E}.Release|ARM.Deploy.0 = Release|Any CPU
		{DF85EE29-F7C3-4923-A7E5-D2C00AD5CB1E}.Release|iPhone.ActiveCfg = Release|Any CPU
		{DF85EE29-F7C3-4923-A7E5-D2C00AD5CB1E}.Release|iPhone.Build.0 = Release|Any CPU
		{DF85EE29-F7C3-4923-A7E5-D2C00AD5CB1E}.Release|iPhone.Deploy.0 = Release|Any CPU
		{DF85EE29-F7C3-4923-A7E5-D2C00AD5CB1E}.Release|iPhoneSimulator.ActiveCfg = Release|Any CPU
		{DF85EE29-F7C3-4923-A7E5-D2C00AD5CB1E}.Release|iPhoneSimulator.Build.0 = Release|Any CPU
		{DF85EE29-F7C3-4923-A7E5-D2C00AD5CB1E}.Release|iPhoneSimulator.Deploy.0 = Release|Any CPU
		{DF85EE29-F7C3-4923-A7E5-D2C00AD5CB1E}.Release|x64.ActiveCfg = Release|Any CPU
		{DF85EE29-F7C3-4923-A7E5-D2C00AD5CB1E}.Release|x64.Build.0 = Release|Any CPU
		{DF85EE29-F7C3-4923-A7E5-D2C00AD5CB1E}.Release|x64.Deploy.0 = Release|Any CPU
		{DF85EE29-F7C3-4923-A7E5-D2C00AD5CB1E}.Release|x86.ActiveCfg = Release|Any CPU
		{DF85EE29-F7C3-4923-A7E5-D2C00AD5CB1E}.Release|x86.Build.0 = Release|Any CPU
		{DF85EE29-F7C3-4923-A7E5-D2C00AD5CB1E}.Release|x86.Deploy.0 = Release|Any CPU
		{84B66E5F-DF41-474B-8CF2-AFD3BA15BC33}.Ad-Hoc|Any CPU.ActiveCfg = Release|Any CPU
		{84B66E5F-DF41-474B-8CF2-AFD3BA15BC33}.Ad-Hoc|Any CPU.Build.0 = Release|Any CPU
		{84B66E5F-DF41-474B-8CF2-AFD3BA15BC33}.Ad-Hoc|ARM.ActiveCfg = Release|Any CPU
		{84B66E5F-DF41-474B-8CF2-AFD3BA15BC33}.Ad-Hoc|ARM.Build.0 = Release|Any CPU
		{84B66E5F-DF41-474B-8CF2-AFD3BA15BC33}.Ad-Hoc|iPhone.ActiveCfg = Release|Any CPU
		{84B66E5F-DF41-474B-8CF2-AFD3BA15BC33}.Ad-Hoc|iPhone.Build.0 = Release|Any CPU
		{84B66E5F-DF41-474B-8CF2-AFD3BA15BC33}.Ad-Hoc|iPhoneSimulator.ActiveCfg = Release|Any CPU
		{84B66E5F-DF41-474B-8CF2-AFD3BA15BC33}.Ad-Hoc|iPhoneSimulator.Build.0 = Release|Any CPU
		{84B66E5F-DF41-474B-8CF2-AFD3BA15BC33}.Ad-Hoc|x64.ActiveCfg = Release|Any CPU
		{84B66E5F-DF41-474B-8CF2-AFD3BA15BC33}.Ad-Hoc|x64.Build.0 = Release|Any CPU
		{84B66E5F-DF41-474B-8CF2-AFD3BA15BC33}.Ad-Hoc|x86.ActiveCfg = Release|Any CPU
		{84B66E5F-DF41-474B-8CF2-AFD3BA15BC33}.Ad-Hoc|x86.Build.0 = Release|Any CPU
		{84B66E5F-DF41-474B-8CF2-AFD3BA15BC33}.AppStore|Any CPU.ActiveCfg = Release|Any CPU
		{84B66E5F-DF41-474B-8CF2-AFD3BA15BC33}.AppStore|Any CPU.Build.0 = Release|Any CPU
		{84B66E5F-DF41-474B-8CF2-AFD3BA15BC33}.AppStore|ARM.ActiveCfg = Release|Any CPU
		{84B66E5F-DF41-474B-8CF2-AFD3BA15BC33}.AppStore|ARM.Build.0 = Release|Any CPU
		{84B66E5F-DF41-474B-8CF2-AFD3BA15BC33}.AppStore|iPhone.ActiveCfg = Release|Any CPU
		{84B66E5F-DF41-474B-8CF2-AFD3BA15BC33}.AppStore|iPhone.Build.0 = Release|Any CPU
		{84B66E5F-DF41-474B-8CF2-AFD3BA15BC33}.AppStore|iPhoneSimulator.ActiveCfg = Release|Any CPU
		{84B66E5F-DF41-474B-8CF2-AFD3BA15BC33}.AppStore|iPhoneSimulator.Build.0 = Release|Any CPU
		{84B66E5F-DF41-474B-8CF2-AFD3BA15BC33}.AppStore|x64.ActiveCfg = Release|Any CPU
		{84B66E5F-DF41-474B-8CF2-AFD3BA15BC33}.AppStore|x64.Build.0 = Release|Any CPU
		{84B66E5F-DF41-474B-8CF2-AFD3BA15BC33}.AppStore|x86.ActiveCfg = Release|Any CPU
		{84B66E5F-DF41-474B-8CF2-AFD3BA15BC33}.AppStore|x86.Build.0 = Release|Any CPU
		{84B66E5F-DF41-474B-8CF2-AFD3BA15BC33}.Debug|Any CPU.ActiveCfg = Debug|Any CPU
		{84B66E5F-DF41-474B-8CF2-AFD3BA15BC33}.Debug|Any CPU.Build.0 = Debug|Any CPU
		{84B66E5F-DF41-474B-8CF2-AFD3BA15BC33}.Debug|ARM.ActiveCfg = Debug|Any CPU
		{84B66E5F-DF41-474B-8CF2-AFD3BA15BC33}.Debug|ARM.Build.0 = Debug|Any CPU
		{84B66E5F-DF41-474B-8CF2-AFD3BA15BC33}.Debug|iPhone.ActiveCfg = Debug|Any CPU
		{84B66E5F-DF41-474B-8CF2-AFD3BA15BC33}.Debug|iPhone.Build.0 = Debug|Any CPU
		{84B66E5F-DF41-474B-8CF2-AFD3BA15BC33}.Debug|iPhoneSimulator.ActiveCfg = Debug|Any CPU
		{84B66E5F-DF41-474B-8CF2-AFD3BA15BC33}.Debug|iPhoneSimulator.Build.0 = Debug|Any CPU
		{84B66E5F-DF41-474B-8CF2-AFD3BA15BC33}.Debug|x64.ActiveCfg = Debug|Any CPU
		{84B66E5F-DF41-474B-8CF2-AFD3BA15BC33}.Debug|x64.Build.0 = Debug|Any CPU
		{84B66E5F-DF41-474B-8CF2-AFD3BA15BC33}.Debug|x86.ActiveCfg = Debug|Any CPU
		{84B66E5F-DF41-474B-8CF2-AFD3BA15BC33}.Debug|x86.Build.0 = Debug|Any CPU
		{84B66E5F-DF41-474B-8CF2-AFD3BA15BC33}.Release|Any CPU.ActiveCfg = Release|Any CPU
		{84B66E5F-DF41-474B-8CF2-AFD3BA15BC33}.Release|Any CPU.Build.0 = Release|Any CPU
		{84B66E5F-DF41-474B-8CF2-AFD3BA15BC33}.Release|ARM.ActiveCfg = Release|Any CPU
		{84B66E5F-DF41-474B-8CF2-AFD3BA15BC33}.Release|ARM.Build.0 = Release|Any CPU
		{84B66E5F-DF41-474B-8CF2-AFD3BA15BC33}.Release|iPhone.ActiveCfg = Release|Any CPU
		{84B66E5F-DF41-474B-8CF2-AFD3BA15BC33}.Release|iPhone.Build.0 = Release|Any CPU
		{84B66E5F-DF41-474B-8CF2-AFD3BA15BC33}.Release|iPhoneSimulator.ActiveCfg = Release|Any CPU
		{84B66E5F-DF41-474B-8CF2-AFD3BA15BC33}.Release|iPhoneSimulator.Build.0 = Release|Any CPU
		{84B66E5F-DF41-474B-8CF2-AFD3BA15BC33}.Release|x64.ActiveCfg = Release|Any CPU
		{84B66E5F-DF41-474B-8CF2-AFD3BA15BC33}.Release|x64.Build.0 = Release|Any CPU
		{84B66E5F-DF41-474B-8CF2-AFD3BA15BC33}.Release|x86.ActiveCfg = Release|Any CPU
		{84B66E5F-DF41-474B-8CF2-AFD3BA15BC33}.Release|x86.Build.0 = Release|Any CPU
		{19BFD1DB-8ECB-4A57-BAAD-D592A194D288}.Ad-Hoc|Any CPU.ActiveCfg = Release|x86
		{19BFD1DB-8ECB-4A57-BAAD-D592A194D288}.Ad-Hoc|Any CPU.Build.0 = Release|x86
		{19BFD1DB-8ECB-4A57-BAAD-D592A194D288}.Ad-Hoc|Any CPU.Deploy.0 = Release|x86
		{19BFD1DB-8ECB-4A57-BAAD-D592A194D288}.Ad-Hoc|ARM.ActiveCfg = Release|ARM
		{19BFD1DB-8ECB-4A57-BAAD-D592A194D288}.Ad-Hoc|ARM.Build.0 = Release|ARM
		{19BFD1DB-8ECB-4A57-BAAD-D592A194D288}.Ad-Hoc|ARM.Deploy.0 = Release|ARM
		{19BFD1DB-8ECB-4A57-BAAD-D592A194D288}.Ad-Hoc|iPhone.ActiveCfg = Release|x86
		{19BFD1DB-8ECB-4A57-BAAD-D592A194D288}.Ad-Hoc|iPhone.Build.0 = Release|x86
		{19BFD1DB-8ECB-4A57-BAAD-D592A194D288}.Ad-Hoc|iPhone.Deploy.0 = Release|x86
		{19BFD1DB-8ECB-4A57-BAAD-D592A194D288}.Ad-Hoc|iPhoneSimulator.ActiveCfg = Release|x86
		{19BFD1DB-8ECB-4A57-BAAD-D592A194D288}.Ad-Hoc|iPhoneSimulator.Build.0 = Release|x86
		{19BFD1DB-8ECB-4A57-BAAD-D592A194D288}.Ad-Hoc|iPhoneSimulator.Deploy.0 = Release|x86
		{19BFD1DB-8ECB-4A57-BAAD-D592A194D288}.Ad-Hoc|x64.ActiveCfg = Release|x64
		{19BFD1DB-8ECB-4A57-BAAD-D592A194D288}.Ad-Hoc|x64.Build.0 = Release|x64
		{19BFD1DB-8ECB-4A57-BAAD-D592A194D288}.Ad-Hoc|x64.Deploy.0 = Release|x64
		{19BFD1DB-8ECB-4A57-BAAD-D592A194D288}.Ad-Hoc|x86.ActiveCfg = Release|x86
		{19BFD1DB-8ECB-4A57-BAAD-D592A194D288}.Ad-Hoc|x86.Build.0 = Release|x86
		{19BFD1DB-8ECB-4A57-BAAD-D592A194D288}.Ad-Hoc|x86.Deploy.0 = Release|x86
		{19BFD1DB-8ECB-4A57-BAAD-D592A194D288}.AppStore|Any CPU.ActiveCfg = Release|x86
		{19BFD1DB-8ECB-4A57-BAAD-D592A194D288}.AppStore|Any CPU.Build.0 = Release|x86
		{19BFD1DB-8ECB-4A57-BAAD-D592A194D288}.AppStore|Any CPU.Deploy.0 = Release|x86
		{19BFD1DB-8ECB-4A57-BAAD-D592A194D288}.AppStore|ARM.ActiveCfg = Release|ARM
		{19BFD1DB-8ECB-4A57-BAAD-D592A194D288}.AppStore|ARM.Build.0 = Release|ARM
		{19BFD1DB-8ECB-4A57-BAAD-D592A194D288}.AppStore|ARM.Deploy.0 = Release|ARM
		{19BFD1DB-8ECB-4A57-BAAD-D592A194D288}.AppStore|iPhone.ActiveCfg = Release|x86
		{19BFD1DB-8ECB-4A57-BAAD-D592A194D288}.AppStore|iPhone.Build.0 = Release|x86
		{19BFD1DB-8ECB-4A57-BAAD-D592A194D288}.AppStore|iPhone.Deploy.0 = Release|x86
		{19BFD1DB-8ECB-4A57-BAAD-D592A194D288}.AppStore|iPhoneSimulator.ActiveCfg = Release|x86
		{19BFD1DB-8ECB-4A57-BAAD-D592A194D288}.AppStore|iPhoneSimulator.Build.0 = Release|x86
		{19BFD1DB-8ECB-4A57-BAAD-D592A194D288}.AppStore|iPhoneSimulator.Deploy.0 = Release|x86
		{19BFD1DB-8ECB-4A57-BAAD-D592A194D288}.AppStore|x64.ActiveCfg = Release|x64
		{19BFD1DB-8ECB-4A57-BAAD-D592A194D288}.AppStore|x64.Build.0 = Release|x64
		{19BFD1DB-8ECB-4A57-BAAD-D592A194D288}.AppStore|x64.Deploy.0 = Release|x64
		{19BFD1DB-8ECB-4A57-BAAD-D592A194D288}.AppStore|x86.ActiveCfg = Release|x86
		{19BFD1DB-8ECB-4A57-BAAD-D592A194D288}.AppStore|x86.Build.0 = Release|x86
		{19BFD1DB-8ECB-4A57-BAAD-D592A194D288}.AppStore|x86.Deploy.0 = Release|x86
		{19BFD1DB-8ECB-4A57-BAAD-D592A194D288}.Debug|Any CPU.ActiveCfg = Debug|x86
		{19BFD1DB-8ECB-4A57-BAAD-D592A194D288}.Debug|ARM.ActiveCfg = Debug|ARM
		{19BFD1DB-8ECB-4A57-BAAD-D592A194D288}.Debug|ARM.Build.0 = Debug|ARM
		{19BFD1DB-8ECB-4A57-BAAD-D592A194D288}.Debug|ARM.Deploy.0 = Debug|ARM
		{19BFD1DB-8ECB-4A57-BAAD-D592A194D288}.Debug|iPhone.ActiveCfg = Debug|x86
		{19BFD1DB-8ECB-4A57-BAAD-D592A194D288}.Debug|iPhoneSimulator.ActiveCfg = Debug|x86
		{19BFD1DB-8ECB-4A57-BAAD-D592A194D288}.Debug|x64.ActiveCfg = Debug|x64
		{19BFD1DB-8ECB-4A57-BAAD-D592A194D288}.Debug|x64.Build.0 = Debug|x64
		{19BFD1DB-8ECB-4A57-BAAD-D592A194D288}.Debug|x64.Deploy.0 = Debug|x64
		{19BFD1DB-8ECB-4A57-BAAD-D592A194D288}.Debug|x86.ActiveCfg = Debug|x86
		{19BFD1DB-8ECB-4A57-BAAD-D592A194D288}.Debug|x86.Build.0 = Debug|x86
		{19BFD1DB-8ECB-4A57-BAAD-D592A194D288}.Debug|x86.Deploy.0 = Debug|x86
		{19BFD1DB-8ECB-4A57-BAAD-D592A194D288}.Release|Any CPU.ActiveCfg = Release|x86
		{19BFD1DB-8ECB-4A57-BAAD-D592A194D288}.Release|ARM.ActiveCfg = Release|ARM
		{19BFD1DB-8ECB-4A57-BAAD-D592A194D288}.Release|ARM.Build.0 = Release|ARM
		{19BFD1DB-8ECB-4A57-BAAD-D592A194D288}.Release|ARM.Deploy.0 = Release|ARM
		{19BFD1DB-8ECB-4A57-BAAD-D592A194D288}.Release|iPhone.ActiveCfg = Release|x86
		{19BFD1DB-8ECB-4A57-BAAD-D592A194D288}.Release|iPhoneSimulator.ActiveCfg = Release|x86
		{19BFD1DB-8ECB-4A57-BAAD-D592A194D288}.Release|x64.ActiveCfg = Release|x64
		{19BFD1DB-8ECB-4A57-BAAD-D592A194D288}.Release|x64.Build.0 = Release|x64
		{19BFD1DB-8ECB-4A57-BAAD-D592A194D288}.Release|x64.Deploy.0 = Release|x64
		{19BFD1DB-8ECB-4A57-BAAD-D592A194D288}.Release|x86.ActiveCfg = Release|x86
		{19BFD1DB-8ECB-4A57-BAAD-D592A194D288}.Release|x86.Build.0 = Release|x86
		{19BFD1DB-8ECB-4A57-BAAD-D592A194D288}.Release|x86.Deploy.0 = Release|x86
		{755F2447-0B1B-4866-BD2A-463F169F98DF}.Ad-Hoc|Any CPU.ActiveCfg = Ad-Hoc|iPhone
		{755F2447-0B1B-4866-BD2A-463F169F98DF}.Ad-Hoc|ARM.ActiveCfg = Ad-Hoc|iPhone
		{755F2447-0B1B-4866-BD2A-463F169F98DF}.Ad-Hoc|iPhone.ActiveCfg = Ad-Hoc|iPhone
		{755F2447-0B1B-4866-BD2A-463F169F98DF}.Ad-Hoc|iPhone.Build.0 = Ad-Hoc|iPhone
		{755F2447-0B1B-4866-BD2A-463F169F98DF}.Ad-Hoc|iPhoneSimulator.ActiveCfg = Ad-Hoc|iPhoneSimulator
		{755F2447-0B1B-4866-BD2A-463F169F98DF}.Ad-Hoc|iPhoneSimulator.Build.0 = Ad-Hoc|iPhoneSimulator
		{755F2447-0B1B-4866-BD2A-463F169F98DF}.Ad-Hoc|x64.ActiveCfg = Ad-Hoc|iPhone
		{755F2447-0B1B-4866-BD2A-463F169F98DF}.Ad-Hoc|x86.ActiveCfg = Ad-Hoc|iPhone
		{755F2447-0B1B-4866-BD2A-463F169F98DF}.AppStore|Any CPU.ActiveCfg = AppStore|iPhone
		{755F2447-0B1B-4866-BD2A-463F169F98DF}.AppStore|ARM.ActiveCfg = AppStore|iPhone
		{755F2447-0B1B-4866-BD2A-463F169F98DF}.AppStore|iPhone.ActiveCfg = AppStore|iPhone
		{755F2447-0B1B-4866-BD2A-463F169F98DF}.AppStore|iPhone.Build.0 = AppStore|iPhone
		{755F2447-0B1B-4866-BD2A-463F169F98DF}.AppStore|iPhoneSimulator.ActiveCfg = AppStore|iPhoneSimulator
		{755F2447-0B1B-4866-BD2A-463F169F98DF}.AppStore|iPhoneSimulator.Build.0 = AppStore|iPhoneSimulator
		{755F2447-0B1B-4866-BD2A-463F169F98DF}.AppStore|x64.ActiveCfg = AppStore|iPhone
		{755F2447-0B1B-4866-BD2A-463F169F98DF}.AppStore|x86.ActiveCfg = AppStore|iPhone
		{755F2447-0B1B-4866-BD2A-463F169F98DF}.Debug|Any CPU.ActiveCfg = Debug|iPhone
		{755F2447-0B1B-4866-BD2A-463F169F98DF}.Debug|ARM.ActiveCfg = Debug|iPhone
		{755F2447-0B1B-4866-BD2A-463F169F98DF}.Debug|iPhone.ActiveCfg = Debug|iPhone
		{755F2447-0B1B-4866-BD2A-463F169F98DF}.Debug|iPhone.Build.0 = Debug|iPhone
		{755F2447-0B1B-4866-BD2A-463F169F98DF}.Debug|iPhoneSimulator.ActiveCfg = Debug|iPhoneSimulator
		{755F2447-0B1B-4866-BD2A-463F169F98DF}.Debug|iPhoneSimulator.Build.0 = Debug|iPhoneSimulator
		{755F2447-0B1B-4866-BD2A-463F169F98DF}.Debug|x64.ActiveCfg = Debug|iPhone
		{755F2447-0B1B-4866-BD2A-463F169F98DF}.Debug|x86.ActiveCfg = Debug|iPhone
		{755F2447-0B1B-4866-BD2A-463F169F98DF}.Release|Any CPU.ActiveCfg = Release|iPhone
		{755F2447-0B1B-4866-BD2A-463F169F98DF}.Release|ARM.ActiveCfg = Release|iPhone
		{755F2447-0B1B-4866-BD2A-463F169F98DF}.Release|iPhone.ActiveCfg = Release|iPhone
		{755F2447-0B1B-4866-BD2A-463F169F98DF}.Release|iPhone.Build.0 = Release|iPhone
		{755F2447-0B1B-4866-BD2A-463F169F98DF}.Release|iPhoneSimulator.ActiveCfg = Release|iPhoneSimulator
		{755F2447-0B1B-4866-BD2A-463F169F98DF}.Release|iPhoneSimulator.Build.0 = Release|iPhoneSimulator
		{755F2447-0B1B-4866-BD2A-463F169F98DF}.Release|x64.ActiveCfg = Release|iPhone
		{755F2447-0B1B-4866-BD2A-463F169F98DF}.Release|x86.ActiveCfg = Release|iPhone
	EndGlobalSection
	GlobalSection(SolutionProperties) = preSolution
		HideSolutionNode = FALSE
	EndGlobalSection
EndGlobal
